{"name":"digital-double","version":"0.0.0","lockfileVersion":3,"requires":true,"packages":{"":{"name":"digital-double","version":"0.0.0","dependencies":{"@radix-ui/react-dialog":"^1.0.5","@radix-ui/react-select":"^2.0.0","class-variance-authority":"^0.7.0","clsx":"^2.1.0","lucide-react":"^0.344.0","nanoid":"^5.1.11","react":"^18.3.1","react-dom":"^18.3.1","tailwind-merge":"^2.2.1","zustand":"^4.5.2"},"devDependencies":{"@eslint/js":"^9.9.1","@types/react":"^18.3.5","@types/react-dom":"^18.3.0","@vitejs/plugin-react":"^4.3.1","autoprefixer":"^10.4.18","eslint":"^9.9.1","eslint-plugin-react-hooks":"^5.1.0-rc.0","eslint-plugin-react-refresh":"^0.4.11","globals":"^15.9.0","postcss":"^8.4.35","tailwindcss":"^3.4.1","typescript":"^5.5.3","typescript-eslint":"^8.3.0","vite":"^5.4.14"}},"node_modules/nanoid":{"version":"5.1.16","resolved":"https://registry.npmjs.org/nanoid/-/nanoid-5.1.16.tgz","integrity":"sha512-kVrnsrJqMR8+oLJnGEmSWw9BivK5mt7H3FZatVRjrc5wGqFYuBxX1yG7+A7Gi5AefkX6t/oCkizcQgpu0cY1dQ==","funding":[{"type":"github","url":"https://github.com/sponsors/ai"}],"bin":{"nanoid":"bin/nanoid.js"},"engines":{"node":":"^18 || >=20"}},"node_modules/postcss/node_modules/nanoid":{"version":"3.3.18","resolved":"https://registry.npmjs.org/nanoid/-/nanoid-3.3.18.tgz","integrity":"sha512-DTg4MJbGMWkfi6VZFdNt2/caMbQy4Ou+Op/hJQvGEWcnVfoA1QA+xzRKAzw9jD6+GVOOeYr/mIcuDSdug6F6+w==","funding":[{"type":"github","url":"https://github.com/sponsors/ai"}],"bin":{"nanoid":"bin/nanoid.cjs"},"engines":{"node":":"^10 || ^12 || ^13.7 || ^14 || >=15.0.1"}}}}